
Microsoft Visual Studio Solution File, Format Version 12.00
# Visual Studio 15
VisualStudioVersion = 15.0.27703.2047
MinimumVisualStudioVersion = 10.0.40219.1
Project("{2150E333-8FDC-42A3-9474-1A3956D46DE8}") = "Web", "Web", "{744AF41D-D193-430B-BD05-0EE4120329C9}"
EndProject
Project("{2150E333-8FDC-42A3-9474-1A3956D46DE8}") = "Data", "Data", "{5C990372-7E11-4C3A-9F50-3CE7774D2D20}"
EndProject
Project("{9A19103F-16F7-4668-BE54-9A1E7A4F7556}") = "SportsLiveScoreboard.Web", "SportsLiveScoreboard.Web\SportsLiveScoreboard.Web.csproj", "{E8C3F724-55FA-415B-BDB0-87870BA76A11}"
EndProject
Project("{9A19103F-16F7-4668-BE54-9A1E7A4F7556}") = "SportsLiveScoreboard.Data", "SportsLiveScoreboard.Data\SportsLiveScoreboard.Data.csproj", "{8A335D18-A62B-4E22-9CE9-659EA2D12491}"
EndProject
Project("{9A19103F-16F7-4668-BE54-9A1E7A4F7556}") = "SportsLiveScoreboard.Data.Models", "SportsLiveScoreboard.Data.Models\SportsLiveScoreboard.Data.Models.csproj", "{90182DC2-082A-410E-B697-96648E2374E4}"
EndProject
Project("{2150E333-8FDC-42A3-9474-1A3956D46DE8}") = "Services", "Services", "{3A280A51-1904-45D7-AB47-1A3FA3D52FD5}"
EndProject
Project("{9A19103F-16F7-4668-BE54-9A1E7A4F7556}") = "SportsLiveScoreboard.Services.Communication", "SportsLiveScoreboard.Services.Communication\SportsLiveScoreboard.Services.Communication.csproj", "{C3A2916D-8EEF-4687-A416-6D2E80274867}"
EndProject
Project("{9A19103F-16F7-4668-BE54-9A1E7A4F7556}") = "SportsLiveScoreboard.Web.Extensions", "SportsLiveScoreboard.Web.Extensions\SportsLiveScoreboard.Web.Extensions.csproj", "{FFC865F8-F50D-4819-BD92-3E09C5E108CD}"
EndProject
Project("{9A19103F-16F7-4668-BE54-9A1E7A4F7556}") = "SportsLiveScoreboard.Web.Utilities", "SportsLiveScoreboard.Web.Utilities\SportsLiveScoreboard.Web.Utilities.csproj", "{B586B44C-1BA9-45A0-AB41-21C888197490}"
EndProject
Project("{9A19103F-16F7-4668-BE54-9A1E7A4F7556}") = "SportsLiveScoreboard.Services.Data", "SportsLiveScoreboard.Services.Data\SportsLiveScoreboard.Services.Data.csproj", "{A56E2754-B866-4A30-9E55-FD23ED521D0F}"
EndProject
Project("{2150E333-8FDC-42A3-9474-1A3956D46DE8}") = "Extensions", "Extensions", "{D304887C-072B-436B-BC34-18F73A2B8A9D}"
EndProject
Project("{9A19103F-16F7-4668-BE54-9A1E7A4F7556}") = "SportsLiveScoreboard.Extensions", "SportsLiveScoreboard.Extensions\SportsLiveScoreboard.Extensions.csproj", "{1D41989C-BD4A-4401-AF29-130D7C3CB7C6}"
EndProject
Project("{2150E333-8FDC-42A3-9474-1A3956D46DE8}") = "Models", "Models", "{1833B31F-0B66-4488-83C6-D0C8A3AFB236}"
EndProject
Project("{9A19103F-16F7-4668-BE54-9A1E7A4F7556}") = "SportsLiveScoreboard.Models.ViewModels", "SportsLiveScoreboard.Models.ViewModels\SportsLiveScoreboard.Models.ViewModels.csproj", "{6062F481-2F1B-4E33-8C1D-31C79445354A}"
EndProject
Project("{FAE04EC0-301F-11D3-BF4B-00C04F79EFBC}") = "SportsLiveScoreboard.Models.BindingModels", "SportsLiveScoreboard.Models.Binding\SportsLiveScoreboard.Models.BindingModels.csproj", "{7A77F252-AC04-4A1F-9C61-E445C39D096A}"
EndProject
Project("{FAE04EC0-301F-11D3-BF4B-00C04F79EFBC}") = "SportsLiveScoreboard.Services", "SportsLiveScoreboard.Services\SportsLiveScoreboard.Services.csproj", "{AF5D7751-4E0B-4995-866E-E258C1653153}"
EndProject
Global
	GlobalSection(SolutionConfigurationPlatforms) = preSolution
		Debug|Any CPU = Debug|Any CPU
		Release|Any CPU = Release|Any CPU
	EndGlobalSection
	GlobalSection(ProjectConfigurationPlatforms) = postSolution
		{E8C3F724-55FA-415B-BDB0-87870BA76A11}.Debug|Any CPU.ActiveCfg = Debug|Any CPU
		{E8C3F724-55FA-415B-BDB0-87870BA76A11}.Debug|Any CPU.Build.0 = Debug|Any CPU
		{E8C3F724-55FA-415B-BDB0-87870BA76A11}.Release|Any CPU.ActiveCfg = Release|Any CPU
		{E8C3F724-55FA-415B-BDB0-87870BA76A11}.Release|Any CPU.Build.0 = Release|Any CPU
		{8A335D18-A62B-4E22-9CE9-659EA2D12491}.Debug|Any CPU.ActiveCfg = Debug|Any CPU
		{8A335D18-A62B-4E22-9CE9-659EA2D12491}.Debug|Any CPU.Build.0 = Debug|Any CPU
		{8A335D18-A62B-4E22-9CE9-659EA2D12491}.Release|Any CPU.ActiveCfg = Release|Any CPU
		{8A335D18-A62B-4E22-9CE9-659EA2D12491}.Release|Any CPU.Build.0 = Release|Any CPU
		{90182DC2-082A-410E-B697-96648E2374E4}.Debug|Any CPU.ActiveCfg = Debug|Any CPU
		{90182DC2-082A-410E-B697-96648E2374E4}.Debug|Any CPU.Build.0 = Debug|Any CPU
		{90182DC2-082A-410E-B697-96648E2374E4}.Release|Any CPU.ActiveCfg = Release|Any CPU
		{90182DC2-082A-410E-B697-96648E2374E4}.Release|Any CPU.Build.0 = Release|Any CPU
		{C3A2916D-8EEF-4687-A416-6D2E80274867}.Debug|Any CPU.ActiveCfg = Debug|Any CPU
		{C3A2916D-8EEF-4687-A416-6D2E80274867}.Debug|Any CPU.Build.0 = Debug|Any CPU
		{C3A2916D-8EEF-4687-A416-6D2E80274867}.Release|Any CPU.ActiveCfg = Release|Any CPU
		{C3A2916D-8EEF-4687-A416-6D2E80274867}.Release|Any CPU.Build.0 = Release|Any CPU
		{FFC865F8-F50D-4819-BD92-3E09C5E108CD}.Debug|Any CPU.ActiveCfg = Debug|Any CPU
		{FFC865F8-F50D-4819-BD92-3E09C5E108CD}.Debug|Any CPU.Build.0 = Debug|Any CPU
		{FFC865F8-F50D-4819-BD92-3E09C5E108CD}.Release|Any CPU.ActiveCfg = Release|Any CPU
		{FFC865F8-F50D-4819-BD92-3E09C5E108CD}.Release|Any CPU.Build.0 = Release|Any CPU
		{B586B44C-1BA9-45A0-AB41-21C888197490}.Debug|Any CPU.ActiveCfg = Debug|Any CPU
		{B586B44C-1BA9-45A0-AB41-21C888197490}.Debug|Any CPU.Build.0 = Debug|Any CPU
		{B586B44C-1BA9-45A0-AB41-21C888197490}.Release|Any CPU.ActiveCfg = Release|Any CPU
		{B586B44C-1BA9-45A0-AB41-21C888197490}.Release|Any CPU.Build.0 = Release|Any CPU
		{A56E2754-B866-4A30-9E55-FD23ED521D0F}.Debug|Any CPU.ActiveCfg = Debug|Any CPU
		{A56E2754-B866-4A30-9E55-FD23ED521D0F}.Debug|Any CPU.Build.0 = Debug|Any CPU
		{A56E2754-B866-4A30-9E55-FD23ED521D0F}.Release|Any CPU.ActiveCfg = Release|Any CPU
		{A56E2754-B866-4A30-9E55-FD23ED521D0F}.Release|Any CPU.Build.0 = Release|Any CPU
		{1D41989C-BD4A-4401-AF29-130D7C3CB7C6}.Debug|Any CPU.ActiveCfg = Debug|Any CPU
		{1D41989C-BD4A-4401-AF29-130D7C3CB7C6}.Debug|Any CPU.Build.0 = Debug|Any CPU
		{1D41989C-BD4A-4401-AF29-130D7C3CB7C6}.Release|Any CPU.ActiveCfg = Release|Any CPU
		{1D41989C-BD4A-4401-AF29-130D7C3CB7C6}.Release|Any CPU.Build.0 = Release|Any CPU
		{6062F481-2F1B-4E33-8C1D-31C79445354A}.Debug|Any CPU.ActiveCfg = Debug|Any CPU
		{6062F481-2F1B-4E33-8C1D-31C79445354A}.Debug|Any CPU.Build.0 = Debug|Any CPU
		{6062F481-2F1B-4E33-8C1D-31C79445354A}.Release|Any CPU.ActiveCfg = Release|Any CPU
		{6062F481-2F1B-4E33-8C1D-31C79445354A}.Release|Any CPU.Build.0 = Release|Any CPU
		{7A77F252-AC04-4A1F-9C61-E445C39D096A}.Debug|Any CPU.ActiveCfg = Debug|Any CPU
		{7A77F252-AC04-4A1F-9C61-E445C39D096A}.Debug|Any CPU.Build.0 = Debug|Any CPU
		{7A77F252-AC04-4A1F-9C61-E445C39D096A}.Release|Any CPU.ActiveCfg = Release|Any CPU
		{7A77F252-AC04-4A1F-9C61-E445C39D096A}.Release|Any CPU.Build.0 = Release|Any CPU
		{AF5D7751-4E0B-4995-866E-E258C1653153}.Debug|Any CPU.ActiveCfg = Debug|Any CPU
		{AF5D7751-4E0B-4995-866E-E258C1653153}.Debug|Any CPU.Build.0 = Debug|Any CPU
		{AF5D7751-4E0B-4995-866E-E258C1653153}.Release|Any CPU.ActiveCfg = Release|Any CPU
		{AF5D7751-4E0B-4995-866E-E258C1653153}.Release|Any CPU.Build.0 = Release|Any CPU
	EndGlobalSection
	GlobalSection(SolutionProperties) = preSolution
		HideSolutionNode = FALSE
	EndGlobalSection
	GlobalSection(NestedProjects) = preSolution
		{E8C3F724-55FA-415B-BDB0-87870BA76A11} = {744AF41D-D193-430B-BD05-0EE4120329C9}
		{8A335D18-A62B-4E22-9CE9-659EA2D12491} = {5C990372-7E11-4C3A-9F50-3CE7774D2D20}
		{90182DC2-082A-410E-B697-96648E2374E4} = {5C990372-7E11-4C3A-9F50-3CE7774D2D20}
		{C3A2916D-8EEF-4687-A416-6D2E80274867} = {3A280A51-1904-45D7-AB47-1A3FA3D52FD5}
		{FFC865F8-F50D-4819-BD92-3E09C5E108CD} = {744AF41D-D193-430B-BD05-0EE4120329C9}
		{B586B44C-1BA9-45A0-AB41-21C888197490} = {744AF41D-D193-430B-BD05-0EE4120329C9}
		{A56E2754-B866-4A30-9E55-FD23ED521D0F} = {3A280A51-1904-45D7-AB47-1A3FA3D52FD5}
		{1D41989C-BD4A-4401-AF29-130D7C3CB7C6} = {D304887C-072B-436B-BC34-18F73A2B8A9D}
		{6062F481-2F1B-4E33-8C1D-31C79445354A} = {1833B31F-0B66-4488-83C6-D0C8A3AFB236}
		{7A77F252-AC04-4A1F-9C61-E445C39D096A} = {1833B31F-0B66-4488-83C6-D0C8A3AFB236}
		{AF5D7751-4E0B-4995-866E-E258C1653153} = {3A280A51-1904-45D7-AB47-1A3FA3D52FD5}
	EndGlobalSection
	GlobalSection(ExtensibilityGlobals) = postSolution
		SolutionGuid = {DAA5998E-3F90-42E9-AC04-21B485B21D86}
	EndGlobalSection
EndGlobal
